// !$*UTF8*$!
{
	archiveVersion = 1;
	classes = {
	};
	objectVersion = 48;
	objects = {

/* Begin PBXGroup section */
		CCE194E5205ADB9D00F896B8 = {
			isa = PBXGroup;
			children = (
			);
			sourceTree = "<group>";
		};
/* End PBXGroup section */

/* Begin PBXProject section */
		CCE194E6205ADB9D00F896B8 /* Project object */ = {
			isa = PBXProject;
			attributes = {
				LastUpgradeCheck = 0920;
			};
			buildConfigurationList = CCE194E9205ADB9D00F896B8 /* Build configuration list for PBXProject "InterfaceOrientation-201803" */;
			compatibilityVersion = "Xcode 8.0";
			developmentRegion = en;
			hasScannedForEncodings = 0;
			knownRegions = (
				en,
			);
			mainGroup = CCE194E5205ADB9D00F896B8;
			projectDirPath = "";
			projectRoot = "";
			targets = (
			);
		};
/* End PBXProject section */

/* Begin XCBuildConfiguration section */
		CCE194EA205ADB9D00F896B8 /* Debug */ = {
			isa = XCBuildConfiguration;
			buildSettings = {
			};
			name = Debug;
		};
		CCE194EB205ADB9D00F896B8 /* Release */ = {
			isa = XCBuildConfiguration;
			buildSettings = {
			};
			name = Release;
		};
/* End XCBuildConfiguration section */

/* Begin XCConfigurationList section */
		CCE194E9205ADB9D00F896B8 /* Build configuration list for PBXProject "InterfaceOrientation-201803" */ = {
			isa = XCConfigurationList;
			buildConfigurations = (
				CCE194EA205ADB9D00F896B8 /* Debug */,
				CCE194EB205ADB9D00F896B8 /* Release */,
			);
			defaultConfigurationIsVisible = 0;
			defaultConfigurationName = Release;
		};
/* End XCConfigurationList section */
	};
	rootObject = CCE194E6205ADB9D00F896B8 /* Project object */;
}
